github.com/go-sql-driver/mysql v1.4.0 h1:7LxgVwFb2hIQtMm87NdgAVfXjnt4OePseqT1tKx+opk=
github.com/go-sql-driver/mysql v1.4.0/go.mod h1:zAC/RDZ24gD3HViQzih4MyKcchzm+sOG5ZlKdlhCg5w=
github.com/golang/protobuf v1.2.0/go.mod h1:6lQm79b+lXiMfvg/cZm0SGofjICqVBUtrP5yJMmIC1U=
github.com/kwf2030/commons v1.0.0 h1:e2oJiRW3CgHZx/gK6AHH2jJBp2dt23L8Yew0fZcR3vU=
github.com/kwf2030/commons v1.0.0/go.mod h1:isAtI5J+6Vdpg8hIt+oZ8rE9AQGaawlD64uY1Yu7iBc=
github.com/kwf2030/commons/boltdb v0.0.0-20181005111731-fada95a17c4f h1:NkPva1gHQd01EgiidCNQJPb+C7FtF56GeUouieq9wAA=
github.com/kwf2030/commons/boltdb v0.0.0-20181005111731-fada95a17c4f/go.mod h1:P0USBLY/LWsPa2SW/OkLn4QnycW5rxp5aTwpFp7pt9g=
github.com/kwf2030/wechatbot v1.0.0 h1:1SRnlZiJXw9B1N7/ohT/X3z5EOLAwrDzcyIGHZXV4Xs=
github.com/kwf2030/wechatbot v1.0.0/go.mod h1:RrC8EX+MzsvXvNWhtGQw137pwIKKUhN9z2zACWF8XE8=
github.com/rs/cors v1.5.0 h1:dgSHE6+ia18arGOTIYQKKGWLvEbGvmbNE6NfxhoNHUY=
github.com/rs/cors v1.5.0/go.mod h1:gFx+x8UowdsKA9AchylcLynDq+nNFfI8FkUZdN/jGCU=
github.com/rs/zerolog v1.9.1 h1:AjV/SFRF0+gEa6rSjkh0Eji/DnkrJKVpPho6SW5g4mU=
github.com/rs/zerolog v1.9.1/go.mod h1:YbFCdg8HfsridGWAh22vktObvhZbQsZXe4/zB0OKkWU=
go.etcd.io/bbolt v1.3.1-etcd.8 h1:6J7QAKqfFBGnU80KRnuQxfjjeE5xAGE/qB810I3FQHQ=
go.etcd.io/bbolt v1.3.1-etcd.8/go.mod h1:IbVyRI1SCnLcuJnV2u8VeU0CEYM7e686BmAb1XKL+uU=
golang.org/x/net v0.0.0-20180724234803-3673e40ba225/go.mod h1:mL1N/T3taQHkDXs73rZJwtUhF3w3ftmwwsq0BUmARs4=
golang.org/x/net v0.0.0-20181005035420-c39426892332 h1:Y+9j57hQQOc2DNZAOfsO/o99CMiGcIokjme8wAkihPw=
golang.org/x/net v0.0.0-20181005035420-c39426892332/go.mod h1:mL1N/T3taQHkDXs73rZJwtUhF3w3ftmwwsq0BUmARs4=
golang.org/x/sys v0.0.0-20181004145325-98c5dad5d1a0 h1:hDof96VB2g7fuE9OyFCCJ+HB+OI8NeTZC0vLxsfIzsI=
golang.org/x/sys v0.0.0-20181004145325-98c5dad5d1a0/go.mod h1:STP8DvDyc/dI5b8T5hshtkjS+E42TnysNCUPdjciGhY=
golang.org/x/text v0.3.0/go.mod h1:NqM8EUOU14njkJ3fqMW+pc6Ldnwhi/IjpwHt7yyuwOQ=
google.golang.org/appengine v1.2.0 h1:S0iUepdCWODXRvtE+gcRDd15L+k+k1AiHlMiMjefH24=
google.golang.org/appengine v1.2.0/go.mod h1:xpcJRLb0r/rnEns0DIKYYv+WjYCduHsrkT7/EB5XEv4=
gopkg.in/check.v1 v0.0.0-20161208181325-20d25e280405 h1:yhCVgyC4o1eVCa2tZl7eS0r+SDo693bJlVdllGtEeKM=
gopkg.in/check.v1 v0.0.0-20161208181325-20d25e280405/go.mod h1:Co6ibVJAznAaIkqp8huTwlJQCZ016jof/cbN4VW5Yz0=
gopkg.in/yaml.v2 v2.2.1 h1:mUhvW9EsL+naU5Q3cakzfE91YhliOondGd6ZrsDBHQE=
gopkg.in/yaml.v2 v2.2.1/go.mod h1:hI93XBmqTisBFMUTm0b8Fm+jr3Dg1NNxqwp+5A1VGuI=
